NeoBundleLock The-NERD-tree af65bd23e69a3a5fc1a39eb47733191b7110bb1e
NeoBundleLock Wombat 600a27a126a32a1c7fd5d46727c2bb488d8e7465
NeoBundleLock caw.vim 20b15cfe78ac5cde0e17b495e9256fe1b4577987
NeoBundleLock ctrlp.vim 51888616a29eeddc933d8ec0596bd13e83231b90
NeoBundleLock grep.vim 852ddb0c6590bbc41c508d7f5d2fc17112492def
NeoBundleLock jellybeans.vim f931895c20681684278aef2ffd810730b9c36ec3
NeoBundleLock molokai db8ce13b3737d3ddea8368498183d7c204a762eb
NeoBundleLock neobundle.vim f5ace1d749382ab5e5a22670d57c61303a927b72
NeoBundleLock neosnippet d7145056c4b3b8177159a085cffbe54c18a7d248
NeoBundleLock neosnippet-snippets d66cc78d8099e92aacf9d27d7b769abf7e9d6f7a
NeoBundleLock neosnippet.vim 044c9cb8ca46a5e27eec37198990c26fe707b02a
NeoBundleLock nerdtree 3b98a7fcae8f9fff356907171f0406ff8cd28921
NeoBundleLock nyan-modoki.vim 383c58321508bb486a063a24153da9359281a544
NeoBundleLock qfixgrep c15f9f99dfe71740e686c0b74f1740159b3d03e8
NeoBundleLock rdark cca9bf19977a587b846c10a4f0d16688e57138bb
NeoBundleLock syntastic 84add5b7f9a84dcc955d463a7dab639aa5bd031d
NeoBundleLock taglist.vim 53041fbc45398a9af631a20657e109707a455339
NeoBundleLock tcomment_vim 71dbf7e4a7d8cc4a094a18aaecbd1edea84f3118
NeoBundleLock twilight 61d8d3e49507ae69d32951d63edf9755c87f4da6
NeoBundleLock vim-abolish 665bed73aded4049a6d9bdaf3c87ee69af983abb
NeoBundleLock vim-autoclose a9a3b7384657bc1f60a963fd6c08c63fc48d61c3
NeoBundleLock vim-colors-solarized 528a59f26d12278698bb946f8fb82a63711eec21
NeoBundleLock vim-hybrid 7d530218dbcc5b5a9d473bcd2dbd2a85e7be99fd
NeoBundleLock vim-lucius ebc51239b8d2cbed85ff5652845cf820a554ac5b
NeoBundleLock vim-quickrun f6af619e66edb3a9b034f6c7a46025732347285c
NeoBundleLock vim-railscasts-theme 9035daff38dbbd30229890f26e54d9a7a71deca3
NeoBundleLock vim-ref 63cef8fe51e597f0b0475b654961cef01feabd93
NeoBundleLock vim-submode 8186099d2acc3a9a4cf09878c57308a30008c536
NeoBundleLock vim-tags 54811d025ab5f14dd535d58ba6b824566231791a
NeoBundleLock vimproc 0f68bcd93399ecbcde3eaa4efd09107314c9bdee
