NeoBundleLock The-NERD-tree af65bd23e69a3a5fc1a39eb47733191b7110bb1e
NeoBundleLock Wombat 600a27a126a32a1c7fd5d46727c2bb488d8e7465
NeoBundleLock caw.vim 20b15cfe78ac5cde0e17b495e9256fe1b4577987
NeoBundleLock ctrlp.vim f2effdc86abf172d6562ec589fa1aa2c8f136a08
NeoBundleLock grep.vim 852ddb0c6590bbc41c508d7f5d2fc17112492def
NeoBundleLock jellybeans.vim f931895c20681684278aef2ffd810730b9c36ec3
NeoBundleLock molokai db8ce13b3737d3ddea8368498183d7c204a762eb
NeoBundleLock neobundle.vim 484c7730cace41d46616e840ba6247886a87c9aa
NeoBundleLock neocomplete-php.vim 68c3b3a6439c6c5cc0640260dde52eef197dd2f3
NeoBundleLock neocomplete.vim 5aecd20ba03203955b75057fbd6a40ae1899b692
NeoBundleLock neosnippet.vim 044c9cb8ca46a5e27eec37198990c26fe707b02a
NeoBundleLock nerdtree 3b98a7fcae8f9fff356907171f0406ff8cd28921
NeoBundleLock nyan-modoki.vim 383c58321508bb486a063a24153da9359281a544
NeoBundleLock qfixgrep c15f9f99dfe71740e686c0b74f1740159b3d03e8
NeoBundleLock rdark cca9bf19977a587b846c10a4f0d16688e57138bb
NeoBundleLock syntastic 710a854f6a6832004b225c25d5c076bb537fd589
NeoBundleLock tagbar e777dbb9723399045e4e69e86592e33da1b14758
NeoBundleLock tagbar-phpctags 7bb2d1b91585f6f11a143cbdde146fcab5eebfe0
NeoBundleLock taglist.vim 53041fbc45398a9af631a20657e109707a455339
NeoBundleLock tcomment_vim 4bc4d53fa847c62a3f2780b0fdf87763d04ff91f
NeoBundleLock twilight 61d8d3e49507ae69d32951d63edf9755c87f4da6
NeoBundleLock unite-outline 432bc03fe82d3699a8987c15162e914354c06685
NeoBundleLock unite.vim 4be92819bcbe69611c2277cd60e21d8e5c694d89
NeoBundleLock vim-abolish 665bed73aded4049a6d9bdaf3c87ee69af983abb
NeoBundleLock vim-autoclose a9a3b7384657bc1f60a963fd6c08c63fc48d61c3
NeoBundleLock vim-colors-solarized 528a59f26d12278698bb946f8fb82a63711eec21
NeoBundleLock vim-hybrid 7d530218dbcc5b5a9d473bcd2dbd2a85e7be99fd
NeoBundleLock vim-lucius ebc51239b8d2cbed85ff5652845cf820a554ac5b
NeoBundleLock vim-quickrun 2d03b3a7405da0e95ff7f6f617843ba9f536395f
NeoBundleLock vim-railscasts-theme 9035daff38dbbd30229890f26e54d9a7a71deca3
NeoBundleLock vim-ref 63cef8fe51e597f0b0475b654961cef01feabd93
NeoBundleLock vim-submode 8186099d2acc3a9a4cf09878c57308a30008c536
NeoBundleLock vim-tags 54811d025ab5f14dd535d58ba6b824566231791a
NeoBundleLock vimproc 0f68bcd93399ecbcde3eaa4efd09107314c9bdee
